// !$*UTF8*$!
{
	archiveVersion = 1;
	classes = {
	};
	objectVersion = 46;
	objects = {

/* Begin PBXBuildFile section */
		5E662D751E5BC1D5004F21D9 /* AppDelegate.swift in Sources */ = {isa = PBXBuildFile; fileRef = 5E662D741E5BC1D5004F21D9 /* AppDelegate.swift */; };
		5E662D771E5BC1D5004F21D9 /* ViewController.swift in Sources */ = {isa = PBXBuildFile; fileRef = 5E662D761E5BC1D5004F21D9 /* ViewController.swift */; };
		5E662D7A1E5BC1D5004F21D9 /* Main.storyboard in Resources */ = {isa = PBXBuildFile; fileRef = 5E662D781E5BC1D5004F21D9 /* Main.storyboard */; };
		5E662D7C1E5BC1D5004F21D9 /* Assets.xcassets in Resources */ = {isa = PBXBuildFile; fileRef = 5E662D7B1E5BC1D5004F21D9 /* Assets.xcassets */; };
		5E662D7F1E5BC1D5004F21D9 /* LaunchScreen.storyboard in Resources */ = {isa = PBXBuildFile; fileRef = 5E662D7D1E5BC1D5004F21D9 /* LaunchScreen.storyboard */; };
		8BFD6BC288D05688A842BBC1 /* Pods_Panchee.framework in Frameworks */ = {isa = PBXBuildFile; fileRef = A9A67D8E76FAC302B56DD644 /* Pods_Panchee.framework */; };
/* End PBXBuildFile section */

/* Begin PBXFileReference section */
		5E662D711E5BC1D5004F21D9 /* Panchee.app */ = {isa = PBXFileReference; explicitFileType = wrapper.application; includeInIndex = 0; path = Panchee.app; sourceTree = BUILT_PRODUCTS_DIR; };
		5E662D741E5BC1D5004F21D9 /* AppDelegate.swift */ = {isa = PBXFileReference; lastKnownFileType = sourcecode.swift; path = AppDelegate.swift; sourceTree = "<group>"; };
		5E662D761E5BC1D5004F21D9 /* ViewController.swift */ = {isa = PBXFileReference; lastKnownFileType = sourcecode.swift; path = ViewController.swift; sourceTree = "<group>"; };
		5E662D791E5BC1D5004F21D9 /* Base */ = {isa = PBXFileReference; lastKnownFileType = file.storyboard; name = Base; path = Base.lproj/Main.storyboard; sourceTree = "<group>"; };
		5E662D7B1E5BC1D5004F21D9 /* Assets.xcassets */ = {isa = PBXFileReference; lastKnownFileType = folder.assetcatalog; path = Assets.xcassets; sourceTree = "<group>"; };
		5E662D7E1E5BC1D5004F21D9 /* Base */ = {isa = PBXFileReference; lastKnownFileType = file.storyboard; name = Base; path = Base.lproj/LaunchScreen.storyboard; sourceTree = "<group>"; };
		5E662D801E5BC1D6004F21D9 /* Info.plist */ = {isa = PBXFileReference; lastKnownFileType = text.plist.xml; path = Info.plist; sourceTree = "<group>"; };
		A25CE9E3DA81A8A9F6606C12 /* Pods-Panchee.release.xcconfig */ = {isa = PBXFileReference; includeInIndex = 1; lastKnownFileType = text.xcconfig; name = "Pods-Panchee.release.xcconfig"; path = "Pods/Target Support Files/Pods-Panchee/Pods-Panchee.release.xcconfig"; sourceTree = "<group>"; };
		A9A67D8E76FAC302B56DD644 /* Pods_Panchee.framework */ = {isa = PBXFileReference; explicitFileType = wrapper.framework; includeInIndex = 0; path = Pods_Panchee.framework; sourceTree = BUILT_PRODUCTS_DIR; };
		DAB74B4DE1AFC0A9C5CCE54F /* Pods-Panchee.debug.xcconfig */ = {isa = PBXFileReference; includeInIndex = 1; lastKnownFileType = text.xcconfig; name = "Pods-Panchee.debug.xcconfig"; path = "Pods/Target Support Files/Pods-Panchee/Pods-Panchee.debug.xcconfig"; sourceTree = "<group>"; };
/* End PBXFileReference section */

/* Begin PBXFrameworksBuildPhase section */
		5E662D6E1E5BC1D5004F21D9 /* Frameworks */ = {
			isa = PBXFrameworksBuildPhase;
			buildActionMask = 2147483647;
			files = (
				8BFD6BC288D05688A842BBC1 /* Pods_Panchee.framework in Frameworks */,
			);
			runOnlyForDeploymentPostprocessing = 0;
		};
/* End PBXFrameworksBuildPhase section */

/* Begin PBXGroup section */
		5E662D681E5BC1D5004F21D9 = {
			isa = PBXGroup;
			children = (
				5E662D731E5BC1D5004F21D9 /* Panchee */,
				5E662D721E5BC1D5004F21D9 /* Products */,
				76D99D7D841C4B910BE0080A /* Pods */,
				81BBE4BFA735365070AFE781 /* Frameworks */,
			);
			sourceTree = "<group>";
		};
		5E662D721E5BC1D5004F21D9 /* Products */ = {
			isa = PBXGroup;
			children = (
				5E662D711E5BC1D5004F21D9 /* Panchee.app */,
			);
			name = Products;
			sourceTree = "<group>";
		};
		5E662D731E5BC1D5004F21D9 /* Panchee */ = {
			isa = PBXGroup;
			children = (
				5E662D741E5BC1D5004F21D9 /* AppDelegate.swift */,
				5E662D761E5BC1D5004F21D9 /* ViewController.swift */,
				5E662D781E5BC1D5004F21D9 /* Main.storyboard */,
				5E662D7B1E5BC1D5004F21D9 /* Assets.xcassets */,
				5E662D7D1E5BC1D5004F21D9 /* LaunchScreen.storyboard */,
				5E662D801E5BC1D6004F21D9 /* Info.plist */,
			);
			path = Panchee;
			sourceTree = "<group>";
		};
		76D99D7D841C4B910BE0080A /* Pods */ = {
			isa = PBXGroup;
			children = (
				DAB74B4DE1AFC0A9C5CCE54F /* Pods-Panchee.debug.xcconfig */,
				A25CE9E3DA81A8A9F6606C12 /* Pods-Panchee.release.xcconfig */,
			);
			name = Pods;
			sourceTree = "<group>";
		};
		81BBE4BFA735365070AFE781 /* Frameworks */ = {
			isa = PBXGroup;
			children = (
				A9A67D8E76FAC302B56DD644 /* Pods_Panchee.framework */,
			);
			name = Frameworks;
			sourceTree = "<group>";
		};
/* End PBXGroup section */

/* Begin PBXNativeTarget section */
		5E662D701E5BC1D5004F21D9 /* Panchee */ = {
			isa = PBXNativeTarget;
			buildConfigurationList = 5E662D831E5BC1D6004F21D9 /* Build configuration list for PBXNativeTarget "Panchee" */;
			buildPhases = (
				343B96D4799FEC7B531ACD15 /* [CP] Check Pods Manifest.lock */,
				5E662D6D1E5BC1D5004F21D9 /* Sources */,
				5E662D6E1E5BC1D5004F21D9 /* Frameworks */,
				5E662D6F1E5BC1D5004F21D9 /* Resources */,
				2E9522EF25206306483DC455 /* [CP] Embed Pods Frameworks */,
				FFA8F9EC18FB316C93A04DD4 /* [CP] Copy Pods Resources */,
			);
			buildRules = (
			);
			dependencies = (
			);
			name = Panchee;
			productName = Panchee;
			productReference = 5E662D711E5BC1D5004F21D9 /* Panchee.app */;
			productType = "com.apple.product-type.application";
		};
/* End PBXNativeTarget section */

/* Begin PBXProject section */
		5E662D691E5BC1D5004F21D9 /* Project object */ = {
			isa = PBXProject;
			attributes = {
				LastSwiftUpdateCheck = 0820;
				LastUpgradeCheck = 0820;
				ORGANIZATIONNAME = "Ayush Gupta";
				TargetAttributes = {
					5E662D701E5BC1D5004F21D9 = {
						CreatedOnToolsVersion = 8.2.1;
						ProvisioningStyle = Automatic;
					};
				};
			};
			buildConfigurationList = 5E662D6C1E5BC1D5004F21D9 /* Build configuration list for PBXProject "Panchee" */;
			compatibilityVersion = "Xcode 3.2";
			developmentRegion = English;
			hasScannedForEncodings = 0;
			knownRegions = (
				en,
				Base,
			);
			mainGroup = 5E662D681E5BC1D5004F21D9;
			productRefGroup = 5E662D721E5BC1D5004F21D9 /* Products */;
			projectDirPath = "";
			projectRoot = "";
			targets = (
				5E662D701E5BC1D5004F21D9 /* Panchee */,
			);
		};
/* End PBXProject section */

/* Begin PBXResourcesBuildPhase section */
		5E662D6F1E5BC1D5004F21D9 /* Resources */ = {
			isa = PBXResourcesBuildPhase;
			buildActionMask = 2147483647;
			files = (
				5E662D7F1E5BC1D5004F21D9 /* LaunchScreen.storyboard in Resources */,
				5E662D7C1E5BC1D5004F21D9 /* Assets.xcassets in Resources */,
				5E662D7A1E5BC1D5004F21D9 /* Main.storyboard in Resources */,
			);
			runOnlyForDeploymentPostprocessing = 0;
		};
/* End PBXResourcesBuildPhase section */

/* Begin PBXShellScriptBuildPhase section */
		2E9522EF25206306483DC455 /* [CP] Embed Pods Frameworks */ = {
			isa = PBXShellScriptBuildPhase;
			buildActionMask = 2147483647;
			files = (
			);
			inputPaths = (
			);
			name = "[CP] Embed Pods Frameworks";
			outputPaths = (
			);
			runOnlyForDeploymentPostprocessing = 0;
			shellPath = /bin/sh;
			shellScript = "\"${SRCROOT}/Pods/Target Support Files/Pods-Panchee/Pods-Panchee-frameworks.sh\"\n";
			showEnvVarsInLog = 0;
		};
		343B96D4799FEC7B531ACD15 /* [CP] Check Pods Manifest.lock */ = {
			isa = PBXShellScriptBuildPhase;
			buildActionMask = 2147483647;
			files = (
			);
			inputPaths = (
			);
			name = "[CP] Check Pods Manifest.lock";
			outputPaths = (
			);
			runOnlyForDeploymentPostprocessing = 0;
			shellPath = /bin/sh;
			shellScript = "diff \"${PODS_ROOT}/../Podfile.lock\" \"${PODS_ROOT}/Manifest.lock\" > /dev/null\nif [ $? != 0 ] ; then\n    # print error to STDERR\n    echo \"error: The sandbox is not in sync with the Podfile.lock. Run 'pod install' or update your CocoaPods installation.\" >&2\n    exit 1\nfi\n";
			showEnvVarsInLog = 0;
		};
		FFA8F9EC18FB316C93A04DD4 /* [CP] Copy Pods Resources */ = {
			isa = PBXShellScriptBuildPhase;
			buildActionMask = 2147483647;
			files = (
			);
			inputPaths = (
			);
			name = "[CP] Copy Pods Resources";
			outputPaths = (
			);
			runOnlyForDeploymentPostprocessing = 0;
			shellPath = /bin/sh;
			shellScript = "\"${SRCROOT}/Pods/Target Support Files/Pods-Panchee/Pods-Panchee-resources.sh\"\n";
			showEnvVarsInLog = 0;
		};
/* End PBXShellScriptBuildPhase section */

/* Begin PBXSourcesBuildPhase section */
		5E662D6D1E5BC1D5004F21D9 /* Sources */ = {
			isa = PBXSourcesBuildPhase;
			buildActionMask = 2147483647;
			files = (
				5E662D771E5BC1D5004F21D9 /* ViewController.swift in Sources */,
				5E662D751E5BC1D5004F21D9 /* AppDelegate.swift in Sources */,
			);
			runOnlyForDeploymentPostprocessing = 0;
		};
/* End PBXSourcesBuildPhase section */

/* Begin PBXVariantGroup section */
		5E662D781E5BC1D5004F21D9 /* Main.storyboard */ = {
			isa = PBXVariantGroup;
			children = (
				5E662D791E5BC1D5004F21D9 /* Base */,
			);
			name = Main.storyboard;
			sourceTree = "<group>";
		};
		5E662D7D1E5BC1D5004F21D9 /* LaunchScreen.storyboard */ = {
			isa = PBXVariantGroup;
			children = (
				5E662D7E1E5BC1D5004F21D9 /* Base */,
			);
			name = LaunchScreen.storyboard;
			sourceTree = "<group>";
		};
/* End PBXVariantGroup section */

/* Begin XCBuildConfiguration section */
		5E662D811E5BC1D6004F21D9 /* Debug */ = {
			isa = XCBuildConfiguration;
			buildSettings = {
				ALWAYS_SEARCH_USER_PATHS = NO;
				CLANG_ANALYZER_NONNULL = YES;
				CLANG_CXX_LANGUAGE_STANDARD = "gnu++0x";
				CLANG_CXX_LIBRARY = "libc++";
				CLANG_ENABLE_MODULES = YES;
				CLANG_ENABLE_OBJC_ARC = YES;
				CLANG_WARN_BOOL_CONVERSION = YES;
				CLANG_WARN_CONSTANT_CONVERSION = YES;
				CLANG_WARN_DIRECT_OBJC_ISA_USAGE = YES_ERROR;
				CLANG_WARN_DOCUMENTATION_COMMENTS = YES;
				CLANG_WARN_EMPTY_BODY = YES;
				CLANG_WARN_ENUM_CONVERSION = YES;
				CLANG_WARN_INFINITE_RECURSION = YES;
				CLANG_WARN_INT_CONVERSION = YES;
				CLANG_WARN_OBJC_ROOT_CLASS = YES_ERROR;
				CLANG_WARN_SUSPICIOUS_MOVE = YES;
				CLANG_WARN_UNREACHABLE_CODE = YES;
				CLANG_WARN__DUPLICATE_METHOD_MATCH = YES;
				"CODE_SIGN_IDENTITY[sdk=iphoneos*]" = "iPhone Developer";
				COPY_PHASE_STRIP = NO;
				DEBUG_INFORMATION_FORMAT = dwarf;
				ENABLE_STRICT_OBJC_MSGSEND = YES;
				ENABLE_TESTABILITY = YES;
				GCC_C_LANGUAGE_STANDARD = gnu99;
				GCC_DYNAMIC_NO_PIC = NO;
				GCC_NO_COMMON_BLOCKS = YES;
				GCC_OPTIMIZATION_LEVEL = 0;
				GCC_PREPROCESSOR_DEFINITIONS = (
					"DEBUG=1",
					"$(inherited)",
				);
				GCC_WARN_64_TO_32_BIT_CONVERSION = YES;
				GCC_WARN_ABOUT_RETURN_TYPE = YES_ERROR;
				GCC_WARN_UNDECLARED_SELECTOR = YES;
				GCC_WARN_UNINITIALIZED_AUTOS = YES_AGGRESSIVE;
				GCC_WARN_UNUSED_FUNCTION = YES;
				GCC_WARN_UNUSED_VARIABLE = YES;
				IPHONEOS_DEPLOYMENT_TARGET = 10.2;
				MTL_ENABLE_DEBUG_INFO = YES;
				ONLY_ACTIVE_ARCH = YES;
				SDKROOT = iphoneos;
				SWIFT_ACTIVE_COMPILATION_CONDITIONS = DEBUG;
				SWIFT_OPTIMIZATION_LEVEL = "-Onone";
			};
			name = Debug;
		};
		5E662D821E5BC1D6004F21D9 /* Release */ = {
			isa = XCBuildConfiguration;
			buildSettings = {
				ALWAYS_SEARCH_USER_PATHS = NO;
				CLANG_ANALYZER_NONNULL = YES;
				CLANG_CXX_LANGUAGE_STANDARD = "gnu++0x";
				CLANG_CXX_LIBRARY = "libc++";
				CLANG_ENABLE_MODULES = YES;
				CLANG_ENABLE_OBJC_ARC = YES;
				CLANG_WARN_BOOL_CONVERSION = YES;
				CLANG_WARN_CONSTANT_CONVERSION = YES;
				CLANG_WARN_DIRECT_OBJC_ISA_USAGE = YES_ERROR;
				CLANG_WARN_DOCUMENTATION_COMMENTS = YES;
				CLANG_WARN_EMPTY_BODY = YES;
				CLANG_WARN_ENUM_CONVERSION = YES;
				CLANG_WARN_INFINITE_RECURSION = YES;
				CLANG_WARN_INT_CONVERSION = YES;
				CLANG_WARN_OBJC_ROOT_CLASS = YES_ERROR;
				CLANG_WARN_SUSPICIOUS_MOVE = YES;
				CLANG_WARN_UNREACHABLE_CODE = YES;
				CLANG_WARN__DUPLICATE_METHOD_MATCH = YES;
				"CODE_SIGN_IDENTITY[sdk=iphoneos*]" = "iPhone Developer";
				COPY_PHASE_STRIP = NO;
				DEBUG_INFORMATION_FORMAT = "dwarf-with-dsym";
				ENABLE_NS_ASSERTIONS = NO;
				ENABLE_STRICT_OBJC_MSGSEND = YES;
				GCC_C_LANGUAGE_STANDARD = gnu99;
				GCC_NO_COMMON_BLOCKS = YES;
				GCC_WARN_64_TO_32_BIT_CONVERSION = YES;
				GCC_WARN_ABOUT_RETURN_TYPE = YES_ERROR;
				GCC_WARN_UNDECLARED_SELECTOR = YES;
				GCC_WARN_UNINITIALIZED_AUTOS = YES_AGGRESSIVE;
				GCC_WARN_UNUSED_FUNCTION = YES;
				GCC_WARN_UNUSED_VARIABLE = YES;
				IPHONEOS_DEPLOYMENT_TARGET = 10.2;
				MTL_ENABLE_DEBUG_INFO = NO;
				SDKROOT = iphoneos;
				SWIFT_OPTIMIZATION_LEVEL = "-Owholemodule";
				VALIDATE_PRODUCT = YES;
			};
			name = Release;
		};
		5E662D841E5BC1D6004F21D9 /* Debug */ = {
			isa = XCBuildConfiguration;
			baseConfigurationReference = DAB74B4DE1AFC0A9C5CCE54F /* Pods-Panchee.debug.xcconfig */;
			buildSettings = {
				ASSETCATALOG_COMPILER_APPICON_NAME = AppIcon;
				INFOPLIST_FILE = Panchee/Info.plist;
				LD_RUNPATH_SEARCH_PATHS = "$(inherited) @executable_path/Frameworks";
				PRODUCT_BUNDLE_IDENTIFIER = com.Panchee;
				PRODUCT_NAME = "$(TARGET_NAME)";
				SWIFT_VERSION = 3.0;
			};
			name = Debug;
		};
		5E662D851E5BC1D6004F21D9 /* Release */ = {
			isa = XCBuildConfiguration;
			baseConfigurationReference = A25CE9E3DA81A8A9F6606C12 /* Pods-Panchee.release.xcconfig */;
			buildSettings = {
				ASSETCATALOG_COMPILER_APPICON_NAME = AppIcon;
				INFOPLIST_FILE = Panchee/Info.plist;
				LD_RUNPATH_SEARCH_PATHS = "$(inherited) @executable_path/Frameworks";
				PRODUCT_BUNDLE_IDENTIFIER = com.Panchee;
				PRODUCT_NAME = "$(TARGET_NAME)";
				SWIFT_VERSION = 3.0;
			};
			name = Release;
		};
/* End XCBuildConfiguration section */

/* Begin XCConfigurationList section */
		5E662D6C1E5BC1D5004F21D9 /* Build configuration list for PBXProject "Panchee" */ = {
			isa = XCConfigurationList;
			buildConfigurations = (
				5E662D811E5BC1D6004F21D9 /* Debug */,
				5E662D821E5BC1D6004F21D9 /* Release */,
			);
			defaultConfigurationIsVisible = 0;
			defaultConfigurationName = Release;
		};
		5E662D831E5BC1D6004F21D9 /* Build configuration list for PBXNativeTarget "Panchee" */ = {
			isa = XCConfigurationList;
			buildConfigurations = (
				5E662D841E5BC1D6004F21D9 /* Debug */,
				5E662D851E5BC1D6004F21D9 /* Release */,
			);
			defaultConfigurationIsVisible = 0;
		};
/* End XCConfigurationList section */
	};
	rootObject = 5E662D691E5BC1D5004F21D9 /* Project object */;
}
